// !$*UTF8*$!
{
	archiveVersion = 1;
	classes = {
	};
	objectVersion = 50;
	objects = {

/* Begin PBXBuildFile section */
		08BBA50527906CBA00BABF85 /* AppDelegate.swift in Sources */ = {isa = PBXBuildFile; fileRef = 08BBA50427906CBA00BABF85 /* AppDelegate.swift */; };
		08BBA50727906CBA00BABF85 /* SceneDelegate.swift in Sources */ = {isa = PBXBuildFile; fileRef = 08BBA50627906CBA00BABF85 /* SceneDelegate.swift */; };
		08BBA50927906CBA00BABF85 /* ViewController.swift in Sources */ = {isa = PBXBuildFile; fileRef = 08BBA50827906CBA00BABF85 /* ViewController.swift */; };
		08BBA50C27906CBA00BABF85 /* Main.storyboard in Resources */ = {isa = PBXBuildFile; fileRef = 08BBA50A27906CBA00BABF85 /* Main.storyboard */; };
		08BBA50E27906CBE00BABF85 /* Assets.xcassets in Resources */ = {isa = PBXBuildFile; fileRef = 08BBA50D27906CBE00BABF85 /* Assets.xcassets */; };
		08BBA51127906CBE00BABF85 /* LaunchScreen.storyboard in Resources */ = {isa = PBXBuildFile; fileRef = 08BBA50F27906CBE00BABF85 /* LaunchScreen.storyboard */; };
		08BBA5192790744C00BABF85 /* DetailViewController.swift in Sources */ = {isa = PBXBuildFile; fileRef = 08BBA5182790744B00BABF85 /* DetailViewController.swift */; };
		08BBA51B27907A9A00BABF85 /* Note.swift in Sources */ = {isa = PBXBuildFile; fileRef = 08BBA51A27907A9A00BABF85 /* Note.swift */; };
/* End PBXBuildFile section */

/* Begin PBXFileReference section */
		08BBA50127906CBA00BABF85 /* 74.Day-Project(19-21)-Milestone.app */ = {isa = PBXFileReference; explicitFileType = wrapper.application; includeInIndex = 0; path = "74.Day-Project(19-21)-Milestone.app"; sourceTree = BUILT_PRODUCTS_DIR; };
		08BBA50427906CBA00BABF85 /* AppDelegate.swift */ = {isa = PBXFileReference; lastKnownFileType = sourcecode.swift; path = AppDelegate.swift; sourceTree = "<group>"; };
		08BBA50627906CBA00BABF85 /* SceneDelegate.swift */ = {isa = PBXFileReference; lastKnownFileType = sourcecode.swift; path = SceneDelegate.swift; sourceTree = "<group>"; };
		08BBA50827906CBA00BABF85 /* ViewController.swift */ = {isa = PBXFileReference; lastKnownFileType = sourcecode.swift; path = ViewController.swift; sourceTree = "<group>"; };
		08BBA50B27906CBA00BABF85 /* Base */ = {isa = PBXFileReference; lastKnownFileType = file.storyboard; name = Base; path = Base.lproj/Main.storyboard; sourceTree = "<group>"; };
		08BBA50D27906CBE00BABF85 /* Assets.xcassets */ = {isa = PBXFileReference; lastKnownFileType = folder.assetcatalog; path = Assets.xcassets; sourceTree = "<group>"; };
		08BBA51027906CBE00BABF85 /* Base */ = {isa = PBXFileReference; lastKnownFileType = file.storyboard; name = Base; path = Base.lproj/LaunchScreen.storyboard; sourceTree = "<group>"; };
		08BBA51227906CBE00BABF85 /* Info.plist */ = {isa = PBXFileReference; lastKnownFileType = text.plist.xml; path = Info.plist; sourceTree = "<group>"; };
		08BBA5182790744B00BABF85 /* DetailViewController.swift */ = {isa = PBXFileReference; indentWidth = 5; lastKnownFileType = sourcecode.swift; path = DetailViewController.swift; sourceTree = "<group>"; };
		08BBA51A27907A9A00BABF85 /* Note.swift */ = {isa = PBXFileReference; lastKnownFileType = sourcecode.swift; path = Note.swift; sourceTree = "<group>"; };
/* End PBXFileReference section */

/* Begin PBXFrameworksBuildPhase section */
		08BBA4FE27906CBA00BABF85 /* Frameworks */ = {
			isa = PBXFrameworksBuildPhase;
			buildActionMask = 2147483647;
			files = (
			);
			runOnlyForDeploymentPostprocessing = 0;
		};
/* End PBXFrameworksBuildPhase section */

/* Begin PBXGroup section */
		08BBA4F827906CBA00BABF85 = {
			isa = PBXGroup;
			children = (
				08BBA50327906CBA00BABF85 /* 74.Day-Project(19-21)-Milestone */,
				08BBA50227906CBA00BABF85 /* Products */,
			);
			sourceTree = "<group>";
		};
		08BBA50227906CBA00BABF85 /* Products */ = {
			isa = PBXGroup;
			children = (
				08BBA50127906CBA00BABF85 /* 74.Day-Project(19-21)-Milestone.app */,
			);
			name = Products;
			sourceTree = "<group>";
		};
		08BBA50327906CBA00BABF85 /* 74.Day-Project(19-21)-Milestone */ = {
			isa = PBXGroup;
			children = (
				08BBA50427906CBA00BABF85 /* AppDelegate.swift */,
				08BBA50627906CBA00BABF85 /* SceneDelegate.swift */,
				08BBA50827906CBA00BABF85 /* ViewController.swift */,
				08BBA51A27907A9A00BABF85 /* Note.swift */,
				08BBA5182790744B00BABF85 /* DetailViewController.swift */,
				08BBA50A27906CBA00BABF85 /* Main.storyboard */,
				08BBA50D27906CBE00BABF85 /* Assets.xcassets */,
				08BBA50F27906CBE00BABF85 /* LaunchScreen.storyboard */,
				08BBA51227906CBE00BABF85 /* Info.plist */,
			);
			path = "74.Day-Project(19-21)-Milestone";
			sourceTree = "<group>";
		};
/* End PBXGroup section */

/* Begin PBXNativeTarget section */
		08BBA50027906CBA00BABF85 /* 74.Day-Project(19-21)-Milestone */ = {
			isa = PBXNativeTarget;
			buildConfigurationList = 08BBA51527906CBE00BABF85 /* Build configuration list for PBXNativeTarget "74.Day-Project(19-21)-Milestone" */;
			buildPhases = (
				08BBA4FD27906CBA00BABF85 /* Sources */,
				08BBA4FE27906CBA00BABF85 /* Frameworks */,
				08BBA4FF27906CBA00BABF85 /* Resources */,
			);
			buildRules = (
			);
			dependencies = (
			);
			name = "74.Day-Project(19-21)-Milestone";
			productName = "74.Day-Project(19-21)-Milestone";
			productReference = 08BBA50127906CBA00BABF85 /* 74.Day-Project(19-21)-Milestone.app */;
			productType = "com.apple.product-type.application";
		};
/* End PBXNativeTarget section */

/* Begin PBXProject section */
		08BBA4F927906CBA00BABF85 /* Project object */ = {
			isa = PBXProject;
			attributes = {
				LastSwiftUpdateCheck = 1250;
				LastUpgradeCheck = 1250;
				TargetAttributes = {
					08BBA50027906CBA00BABF85 = {
						CreatedOnToolsVersion = 12.5.1;
					};
				};
			};
			buildConfigurationList = 08BBA4FC27906CBA00BABF85 /* Build configuration list for PBXProject "74.Day-Project(19-21)-Milestone" */;
			compatibilityVersion = "Xcode 9.3";
			developmentRegion = en;
			hasScannedForEncodings = 0;
			knownRegions = (
				en,
				Base,
			);
			mainGroup = 08BBA4F827906CBA00BABF85;
			productRefGroup = 08BBA50227906CBA00BABF85 /* Products */;
			projectDirPath = "";
			projectRoot = "";
			targets = (
				08BBA50027906CBA00BABF85 /* 74.Day-Project(19-21)-Milestone */,
			);
		};
/* End PBXProject section */

/* Begin PBXResourcesBuildPhase section */
		08BBA4FF27906CBA00BABF85 /* Resources */ = {
			isa = PBXResourcesBuildPhase;
			buildActionMask = 2147483647;
			files = (
				08BBA51127906CBE00BABF85 /* LaunchScreen.storyboard in Resources */,
				08BBA50E27906CBE00BABF85 /* Assets.xcassets in Resources */,
				08BBA50C27906CBA00BABF85 /* Main.storyboard in Resources */,
			);
			runOnlyForDeploymentPostprocessing = 0;
		};
/* End PBXResourcesBuildPhase section */

/* Begin PBXSourcesBuildPhase section */
		08BBA4FD27906CBA00BABF85 /* Sources */ = {
			isa = PBXSourcesBuildPhase;
			buildActionMask = 2147483647;
			files = (
				08BBA51B27907A9A00BABF85 /* Note.swift in Sources */,
				08BBA50927906CBA00BABF85 /* ViewController.swift in Sources */,
				08BBA50527906CBA00BABF85 /* AppDelegate.swift in Sources */,
				08BBA50727906CBA00BABF85 /* SceneDelegate.swift in Sources */,
				08BBA5192790744C00BABF85 /* DetailViewController.swift in Sources */,
			);
			runOnlyForDeploymentPostprocessing = 0;
		};
/* End PBXSourcesBuildPhase section */

/* Begin PBXVariantGroup section */
		08BBA50A27906CBA00BABF85 /* Main.storyboard */ = {
			isa = PBXVariantGroup;
			children = (
				08BBA50B27906CBA00BABF85 /* Base */,
			);
			name = Main.storyboard;
			sourceTree = "<group>";
		};
		08BBA50F27906CBE00BABF85 /* LaunchScreen.storyboard */ = {
			isa = PBXVariantGroup;
			children = (
				08BBA51027906CBE00BABF85 /* Base */,
			);
			name = LaunchScreen.storyboard;
			sourceTree = "<group>";
		};
/* End PBXVariantGroup section */

/* Begin XCBuildConfiguration section */
		08BBA51327906CBE00BABF85 /* Debug */ = {
			isa = XCBuildConfiguration;
			buildSettings = {
				ALWAYS_SEARCH_USER_PATHS = NO;
				CLANG_ANALYZER_NONNULL = YES;
				CLANG_ANALYZER_NUMBER_OBJECT_CONVERSION = YES_AGGRESSIVE;
				CLANG_CXX_LANGUAGE_STANDARD = "gnu++14";
				CLANG_CXX_LIBRARY = "libc++";
				CLANG_ENABLE_MODULES = YES;
				CLANG_ENABLE_OBJC_ARC = YES;
				CLANG_ENABLE_OBJC_WEAK = YES;
				CLANG_WARN_BLOCK_CAPTURE_AUTORELEASING = YES;
				CLANG_WARN_BOOL_CONVERSION = YES;
				CLANG_WARN_COMMA = YES;
				CLANG_WARN_CONSTANT_CONVERSION = YES;
				CLANG_WARN_DEPRECATED_OBJC_IMPLEMENTATIONS = YES;
				CLANG_WARN_DIRECT_OBJC_ISA_USAGE = YES_ERROR;
				CLANG_WARN_DOCUMENTATION_COMMENTS = YES;
				CLANG_WARN_EMPTY_BODY = YES;
				CLANG_WARN_ENUM_CONVERSION = YES;
				CLANG_WARN_INFINITE_RECURSION = YES;
				CLANG_WARN_INT_CONVERSION = YES;
				CLANG_WARN_NON_LITERAL_NULL_CONVERSION = YES;
				CLANG_WARN_OBJC_IMPLICIT_RETAIN_SELF = YES;
				CLANG_WARN_OBJC_LITERAL_CONVERSION = YES;
				CLANG_WARN_OBJC_ROOT_CLASS = YES_ERROR;
				CLANG_WARN_QUOTED_INCLUDE_IN_FRAMEWORK_HEADER = YES;
				CLANG_WARN_RANGE_LOOP_ANALYSIS = YES;
				CLANG_WARN_STRICT_PROTOTYPES = YES;
				CLANG_WARN_SUSPICIOUS_MOVE = YES;
				CLANG_WARN_UNGUARDED_AVAILABILITY = YES_AGGRESSIVE;
				CLANG_WARN_UNREACHABLE_CODE = YES;
				CLANG_WARN__DUPLICATE_METHOD_MATCH = YES;
				COPY_PHASE_STRIP = NO;
				DEBUG_INFORMATION_FORMAT = dwarf;
				ENABLE_STRICT_OBJC_MSGSEND = YES;
				ENABLE_TESTABILITY = YES;
				GCC_C_LANGUAGE_STANDARD = gnu11;
				GCC_DYNAMIC_NO_PIC = NO;
				GCC_NO_COMMON_BLOCKS = YES;
				GCC_OPTIMIZATION_LEVEL = 0;
				GCC_PREPROCESSOR_DEFINITIONS = (
					"DEBUG=1",
					"$(inherited)",
				);
				GCC_WARN_64_TO_32_BIT_CONVERSION = YES;
				GCC_WARN_ABOUT_RETURN_TYPE = YES_ERROR;
				GCC_WARN_UNDECLARED_SELECTOR = YES;
				GCC_WARN_UNINITIALIZED_AUTOS = YES_AGGRESSIVE;
				GCC_WARN_UNUSED_FUNCTION = YES;
				GCC_WARN_UNUSED_VARIABLE = YES;
				IPHONEOS_DEPLOYMENT_TARGET = 14.5;
				MTL_ENABLE_DEBUG_INFO = INCLUDE_SOURCE;
				MTL_FAST_MATH = YES;
				ONLY_ACTIVE_ARCH = YES;
				SDKROOT = iphoneos;
				SWIFT_ACTIVE_COMPILATION_CONDITIONS = DEBUG;
				SWIFT_OPTIMIZATION_LEVEL = "-Onone";
			};
			name = Debug;
		};
		08BBA51427906CBE00BABF85 /* Release */ = {
			isa = XCBuildConfiguration;
			buildSettings = {
				ALWAYS_SEARCH_USER_PATHS = NO;
				CLANG_ANALYZER_NONNULL = YES;
				CLANG_ANALYZER_NUMBER_OBJECT_CONVERSION = YES_AGGRESSIVE;
				CLANG_CXX_LANGUAGE_STANDARD = "gnu++14";
				CLANG_CXX_LIBRARY = "libc++";
				CLANG_ENABLE_MODULES = YES;
				CLANG_ENABLE_OBJC_ARC = YES;
				CLANG_ENABLE_OBJC_WEAK = YES;
				CLANG_WARN_BLOCK_CAPTURE_AUTORELEASING = YES;
				CLANG_WARN_BOOL_CONVERSION = YES;
				CLANG_WARN_COMMA = YES;
				CLANG_WARN_CONSTANT_CONVERSION = YES;
				CLANG_WARN_DEPRECATED_OBJC_IMPLEMENTATIONS = YES;
				CLANG_WARN_DIRECT_OBJC_ISA_USAGE = YES_ERROR;
				CLANG_WARN_DOCUMENTATION_COMMENTS = YES;
				CLANG_WARN_EMPTY_BODY = YES;
				CLANG_WARN_ENUM_CONVERSION = YES;
				CLANG_WARN_INFINITE_RECURSION = YES;
				CLANG_WARN_INT_CONVERSION = YES;
				CLANG_WARN_NON_LITERAL_NULL_CONVERSION = YES;
				CLANG_WARN_OBJC_IMPLICIT_RETAIN_SELF = YES;
				CLANG_WARN_OBJC_LITERAL_CONVERSION = YES;
				CLANG_WARN_OBJC_ROOT_CLASS = YES_ERROR;
				CLANG_WARN_QUOTED_INCLUDE_IN_FRAMEWORK_HEADER = YES;
				CLANG_WARN_RANGE_LOOP_ANALYSIS = YES;
				CLANG_WARN_STRICT_PROTOTYPES = YES;
				CLANG_WARN_SUSPICIOUS_MOVE = YES;
				CLANG_WARN_UNGUARDED_AVAILABILITY = YES_AGGRESSIVE;
				CLANG_WARN_UNREACHABLE_CODE = YES;
				CLANG_WARN__DUPLICATE_METHOD_MATCH = YES;
				COPY_PHASE_STRIP = NO;
				DEBUG_INFORMATION_FORMAT = "dwarf-with-dsym";
				ENABLE_NS_ASSERTIONS = NO;
				ENABLE_STRICT_OBJC_MSGSEND = YES;
				GCC_C_LANGUAGE_STANDARD = gnu11;
				GCC_NO_COMMON_BLOCKS = YES;
				GCC_WARN_64_TO_32_BIT_CONVERSION = YES;
				GCC_WARN_ABOUT_RETURN_TYPE = YES_ERROR;
				GCC_WARN_UNDECLARED_SELECTOR = YES;
				GCC_WARN_UNINITIALIZED_AUTOS = YES_AGGRESSIVE;
				GCC_WARN_UNUSED_FUNCTION = YES;
				GCC_WARN_UNUSED_VARIABLE = YES;
				IPHONEOS_DEPLOYMENT_TARGET = 14.5;
				MTL_ENABLE_DEBUG_INFO = NO;
				MTL_FAST_MATH = YES;
				SDKROOT = iphoneos;
				SWIFT_COMPILATION_MODE = wholemodule;
				SWIFT_OPTIMIZATION_LEVEL = "-O";
				VALIDATE_PRODUCT = YES;
			};
			name = Release;
		};
		08BBA51627906CBE00BABF85 /* Debug */ = {
			isa = XCBuildConfiguration;
			buildSettings = {
				ASSETCATALOG_COMPILER_APPICON_NAME = AppIcon;
				ASSETCATALOG_COMPILER_GLOBAL_ACCENT_COLOR_NAME = AccentColor;
				CODE_SIGN_STYLE = Automatic;
				INFOPLIST_FILE = "74.Day-Project(19-21)-Milestone/Info.plist";
				LD_RUNPATH_SEARCH_PATHS = (
					"$(inherited)",
					"@executable_path/Frameworks",
				);
				PRODUCT_BUNDLE_IDENTIFIER = "Teams.-4-Day-Project-19-21--Milestone";
				PRODUCT_NAME = "$(TARGET_NAME)";
				SWIFT_VERSION = 5.0;
				TARGETED_DEVICE_FAMILY = "1,2";
			};
			name = Debug;
		};
		08BBA51727906CBE00BABF85 /* Release */ = {
			isa = XCBuildConfiguration;
			buildSettings = {
				ASSETCATALOG_COMPILER_APPICON_NAME = AppIcon;
				ASSETCATALOG_COMPILER_GLOBAL_ACCENT_COLOR_NAME = AccentColor;
				CODE_SIGN_STYLE = Automatic;
				INFOPLIST_FILE = "74.Day-Project(19-21)-Milestone/Info.plist";
				LD_RUNPATH_SEARCH_PATHS = (
					"$(inherited)",
					"@executable_path/Frameworks",
				);
				PRODUCT_BUNDLE_IDENTIFIER = "Teams.-4-Day-Project-19-21--Milestone";
				PRODUCT_NAME = "$(TARGET_NAME)";
				SWIFT_VERSION = 5.0;
				TARGETED_DEVICE_FAMILY = "1,2";
			};
			name = Release;
		};
/* End XCBuildConfiguration section */

/* Begin XCConfigurationList section */
		08BBA4FC27906CBA00BABF85 /* Build configuration list for PBXProject "74.Day-Project(19-21)-Milestone" */ = {
			isa = XCConfigurationList;
			buildConfigurations = (
				08BBA51327906CBE00BABF85 /* Debug */,
				08BBA51427906CBE00BABF85 /* Release */,
			);
			defaultConfigurationIsVisible = 0;
			defaultConfigurationName = Release;
		};
		08BBA51527906CBE00BABF85 /* Build configuration list for PBXNativeTarget "74.Day-Project(19-21)-Milestone" */ = {
			isa = XCConfigurationList;
			buildConfigurations = (
				08BBA51627906CBE00BABF85 /* Debug */,
				08BBA51727906CBE00BABF85 /* Release */,
			);
			defaultConfigurationIsVisible = 0;
			defaultConfigurationName = Release;
		};
/* End XCConfigurationList section */
	};
	rootObject = 08BBA4F927906CBA00BABF85 /* Project object */;
}
