// !$*UTF8*$!
{
	archiveVersion = 1;
	classes = {
	};
	objectVersion = 50;
	objects = {

/* Begin PBXBuildFile section */
		08C11FD627456DBB00EB5BDB /* AppDelegate.swift in Sources */ = {isa = PBXBuildFile; fileRef = 08C11FD527456DBB00EB5BDB /* AppDelegate.swift */; };
		08C11FD827456DBB00EB5BDB /* SceneDelegate.swift in Sources */ = {isa = PBXBuildFile; fileRef = 08C11FD727456DBB00EB5BDB /* SceneDelegate.swift */; };
		08C11FDA27456DBB00EB5BDB /* ViewController.swift in Sources */ = {isa = PBXBuildFile; fileRef = 08C11FD927456DBB00EB5BDB /* ViewController.swift */; };
		08C11FDD27456DBB00EB5BDB /* Main.storyboard in Resources */ = {isa = PBXBuildFile; fileRef = 08C11FDB27456DBB00EB5BDB /* Main.storyboard */; };
		08C11FDF27456DBC00EB5BDB /* Assets.xcassets in Resources */ = {isa = PBXBuildFile; fileRef = 08C11FDE27456DBC00EB5BDB /* Assets.xcassets */; };
		08C11FE227456DBC00EB5BDB /* LaunchScreen.storyboard in Resources */ = {isa = PBXBuildFile; fileRef = 08C11FE027456DBC00EB5BDB /* LaunchScreen.storyboard */; };
/* End PBXBuildFile section */

/* Begin PBXFileReference section */
		08C11FD227456DBB00EB5BDB /* 41.Day-Project(7-9)-Malestone.app */ = {isa = PBXFileReference; explicitFileType = wrapper.application; includeInIndex = 0; path = "41.Day-Project(7-9)-Malestone.app"; sourceTree = BUILT_PRODUCTS_DIR; };
		08C11FD527456DBB00EB5BDB /* AppDelegate.swift */ = {isa = PBXFileReference; lastKnownFileType = sourcecode.swift; path = AppDelegate.swift; sourceTree = "<group>"; };
		08C11FD727456DBB00EB5BDB /* SceneDelegate.swift */ = {isa = PBXFileReference; lastKnownFileType = sourcecode.swift; path = SceneDelegate.swift; sourceTree = "<group>"; };
		08C11FD927456DBB00EB5BDB /* ViewController.swift */ = {isa = PBXFileReference; lastKnownFileType = sourcecode.swift; path = ViewController.swift; sourceTree = "<group>"; };
		08C11FDC27456DBB00EB5BDB /* Base */ = {isa = PBXFileReference; lastKnownFileType = file.storyboard; name = Base; path = Base.lproj/Main.storyboard; sourceTree = "<group>"; };
		08C11FDE27456DBC00EB5BDB /* Assets.xcassets */ = {isa = PBXFileReference; lastKnownFileType = folder.assetcatalog; path = Assets.xcassets; sourceTree = "<group>"; };
		08C11FE127456DBC00EB5BDB /* Base */ = {isa = PBXFileReference; lastKnownFileType = file.storyboard; name = Base; path = Base.lproj/LaunchScreen.storyboard; sourceTree = "<group>"; };
		08C11FE327456DBC00EB5BDB /* Info.plist */ = {isa = PBXFileReference; lastKnownFileType = text.plist.xml; path = Info.plist; sourceTree = "<group>"; };
/* End PBXFileReference section */

/* Begin PBXFrameworksBuildPhase section */
		08C11FCF27456DBB00EB5BDB /* Frameworks */ = {
			isa = PBXFrameworksBuildPhase;
			buildActionMask = 2147483647;
			files = (
			);
			runOnlyForDeploymentPostprocessing = 0;
		};
/* End PBXFrameworksBuildPhase section */

/* Begin PBXGroup section */
		08C11FC927456DBB00EB5BDB = {
			isa = PBXGroup;
			children = (
				08C11FD427456DBB00EB5BDB /* 41.Day-Project(7-9)-Malestone */,
				08C11FD327456DBB00EB5BDB /* Products */,
			);
			sourceTree = "<group>";
		};
		08C11FD327456DBB00EB5BDB /* Products */ = {
			isa = PBXGroup;
			children = (
				08C11FD227456DBB00EB5BDB /* 41.Day-Project(7-9)-Malestone.app */,
			);
			name = Products;
			sourceTree = "<group>";
		};
		08C11FD427456DBB00EB5BDB /* 41.Day-Project(7-9)-Malestone */ = {
			isa = PBXGroup;
			children = (
				08C11FD527456DBB00EB5BDB /* AppDelegate.swift */,
				08C11FD727456DBB00EB5BDB /* SceneDelegate.swift */,
				08C11FD927456DBB00EB5BDB /* ViewController.swift */,
				08C11FDB27456DBB00EB5BDB /* Main.storyboard */,
				08C11FDE27456DBC00EB5BDB /* Assets.xcassets */,
				08C11FE027456DBC00EB5BDB /* LaunchScreen.storyboard */,
				08C11FE327456DBC00EB5BDB /* Info.plist */,
			);
			path = "41.Day-Project(7-9)-Malestone";
			sourceTree = "<group>";
		};
/* End PBXGroup section */

/* Begin PBXNativeTarget section */
		08C11FD127456DBB00EB5BDB /* 41.Day-Project(7-9)-Malestone */ = {
			isa = PBXNativeTarget;
			buildConfigurationList = 08C11FE627456DBC00EB5BDB /* Build configuration list for PBXNativeTarget "41.Day-Project(7-9)-Malestone" */;
			buildPhases = (
				08C11FCE27456DBB00EB5BDB /* Sources */,
				08C11FCF27456DBB00EB5BDB /* Frameworks */,
				08C11FD027456DBB00EB5BDB /* Resources */,
			);
			buildRules = (
			);
			dependencies = (
			);
			name = "41.Day-Project(7-9)-Malestone";
			productName = "41.Day-Project(7-9)-Malestone";
			productReference = 08C11FD227456DBB00EB5BDB /* 41.Day-Project(7-9)-Malestone.app */;
			productType = "com.apple.product-type.application";
		};
/* End PBXNativeTarget section */

/* Begin PBXProject section */
		08C11FCA27456DBB00EB5BDB /* Project object */ = {
			isa = PBXProject;
			attributes = {
				LastSwiftUpdateCheck = 1250;
				LastUpgradeCheck = 1250;
				TargetAttributes = {
					08C11FD127456DBB00EB5BDB = {
						CreatedOnToolsVersion = 12.5.1;
					};
				};
			};
			buildConfigurationList = 08C11FCD27456DBB00EB5BDB /* Build configuration list for PBXProject "41.Day-Project(7-9)-Malestone" */;
			compatibilityVersion = "Xcode 9.3";
			developmentRegion = en;
			hasScannedForEncodings = 0;
			knownRegions = (
				en,
				Base,
			);
			mainGroup = 08C11FC927456DBB00EB5BDB;
			productRefGroup = 08C11FD327456DBB00EB5BDB /* Products */;
			projectDirPath = "";
			projectRoot = "";
			targets = (
				08C11FD127456DBB00EB5BDB /* 41.Day-Project(7-9)-Malestone */,
			);
		};
/* End PBXProject section */

/* Begin PBXResourcesBuildPhase section */
		08C11FD027456DBB00EB5BDB /* Resources */ = {
			isa = PBXResourcesBuildPhase;
			buildActionMask = 2147483647;
			files = (
				08C11FE227456DBC00EB5BDB /* LaunchScreen.storyboard in Resources */,
				08C11FDF27456DBC00EB5BDB /* Assets.xcassets in Resources */,
				08C11FDD27456DBB00EB5BDB /* Main.storyboard in Resources */,
			);
			runOnlyForDeploymentPostprocessing = 0;
		};
/* End PBXResourcesBuildPhase section */

/* Begin PBXSourcesBuildPhase section */
		08C11FCE27456DBB00EB5BDB /* Sources */ = {
			isa = PBXSourcesBuildPhase;
			buildActionMask = 2147483647;
			files = (
				08C11FDA27456DBB00EB5BDB /* ViewController.swift in Sources */,
				08C11FD627456DBB00EB5BDB /* AppDelegate.swift in Sources */,
				08C11FD827456DBB00EB5BDB /* SceneDelegate.swift in Sources */,
			);
			runOnlyForDeploymentPostprocessing = 0;
		};
/* End PBXSourcesBuildPhase section */

/* Begin PBXVariantGroup section */
		08C11FDB27456DBB00EB5BDB /* Main.storyboard */ = {
			isa = PBXVariantGroup;
			children = (
				08C11FDC27456DBB00EB5BDB /* Base */,
			);
			name = Main.storyboard;
			sourceTree = "<group>";
		};
		08C11FE027456DBC00EB5BDB /* LaunchScreen.storyboard */ = {
			isa = PBXVariantGroup;
			children = (
				08C11FE127456DBC00EB5BDB /* Base */,
			);
			name = LaunchScreen.storyboard;
			sourceTree = "<group>";
		};
/* End PBXVariantGroup section */

/* Begin XCBuildConfiguration section */
		08C11FE427456DBC00EB5BDB /* Debug */ = {
			isa = XCBuildConfiguration;
			buildSettings = {
				ALWAYS_SEARCH_USER_PATHS = NO;
				CLANG_ANALYZER_NONNULL = YES;
				CLANG_ANALYZER_NUMBER_OBJECT_CONVERSION = YES_AGGRESSIVE;
				CLANG_CXX_LANGUAGE_STANDARD = "gnu++14";
				CLANG_CXX_LIBRARY = "libc++";
				CLANG_ENABLE_MODULES = YES;
				CLANG_ENABLE_OBJC_ARC = YES;
				CLANG_ENABLE_OBJC_WEAK = YES;
				CLANG_WARN_BLOCK_CAPTURE_AUTORELEASING = YES;
				CLANG_WARN_BOOL_CONVERSION = YES;
				CLANG_WARN_COMMA = YES;
				CLANG_WARN_CONSTANT_CONVERSION = YES;
				CLANG_WARN_DEPRECATED_OBJC_IMPLEMENTATIONS = YES;
				CLANG_WARN_DIRECT_OBJC_ISA_USAGE = YES_ERROR;
				CLANG_WARN_DOCUMENTATION_COMMENTS = YES;
				CLANG_WARN_EMPTY_BODY = YES;
				CLANG_WARN_ENUM_CONVERSION = YES;
				CLANG_WARN_INFINITE_RECURSION = YES;
				CLANG_WARN_INT_CONVERSION = YES;
				CLANG_WARN_NON_LITERAL_NULL_CONVERSION = YES;
				CLANG_WARN_OBJC_IMPLICIT_RETAIN_SELF = YES;
				CLANG_WARN_OBJC_LITERAL_CONVERSION = YES;
				CLANG_WARN_OBJC_ROOT_CLASS = YES_ERROR;
				CLANG_WARN_QUOTED_INCLUDE_IN_FRAMEWORK_HEADER = YES;
				CLANG_WARN_RANGE_LOOP_ANALYSIS = YES;
				CLANG_WARN_STRICT_PROTOTYPES = YES;
				CLANG_WARN_SUSPICIOUS_MOVE = YES;
				CLANG_WARN_UNGUARDED_AVAILABILITY = YES_AGGRESSIVE;
				CLANG_WARN_UNREACHABLE_CODE = YES;
				CLANG_WARN__DUPLICATE_METHOD_MATCH = YES;
				COPY_PHASE_STRIP = NO;
				DEBUG_INFORMATION_FORMAT = dwarf;
				ENABLE_STRICT_OBJC_MSGSEND = YES;
				ENABLE_TESTABILITY = YES;
				GCC_C_LANGUAGE_STANDARD = gnu11;
				GCC_DYNAMIC_NO_PIC = NO;
				GCC_NO_COMMON_BLOCKS = YES;
				GCC_OPTIMIZATION_LEVEL = 0;
				GCC_PREPROCESSOR_DEFINITIONS = (
					"DEBUG=1",
					"$(inherited)",
				);
				GCC_WARN_64_TO_32_BIT_CONVERSION = YES;
				GCC_WARN_ABOUT_RETURN_TYPE = YES_ERROR;
				GCC_WARN_UNDECLARED_SELECTOR = YES;
				GCC_WARN_UNINITIALIZED_AUTOS = YES_AGGRESSIVE;
				GCC_WARN_UNUSED_FUNCTION = YES;
				GCC_WARN_UNUSED_VARIABLE = YES;
				IPHONEOS_DEPLOYMENT_TARGET = 14.5;
				MTL_ENABLE_DEBUG_INFO = INCLUDE_SOURCE;
				MTL_FAST_MATH = YES;
				ONLY_ACTIVE_ARCH = YES;
				SDKROOT = iphoneos;
				SWIFT_ACTIVE_COMPILATION_CONDITIONS = DEBUG;
				SWIFT_OPTIMIZATION_LEVEL = "-Onone";
			};
			name = Debug;
		};
		08C11FE527456DBC00EB5BDB /* Release */ = {
			isa = XCBuildConfiguration;
			buildSettings = {
				ALWAYS_SEARCH_USER_PATHS = NO;
				CLANG_ANALYZER_NONNULL = YES;
				CLANG_ANALYZER_NUMBER_OBJECT_CONVERSION = YES_AGGRESSIVE;
				CLANG_CXX_LANGUAGE_STANDARD = "gnu++14";
				CLANG_CXX_LIBRARY = "libc++";
				CLANG_ENABLE_MODULES = YES;
				CLANG_ENABLE_OBJC_ARC = YES;
				CLANG_ENABLE_OBJC_WEAK = YES;
				CLANG_WARN_BLOCK_CAPTURE_AUTORELEASING = YES;
				CLANG_WARN_BOOL_CONVERSION = YES;
				CLANG_WARN_COMMA = YES;
				CLANG_WARN_CONSTANT_CONVERSION = YES;
				CLANG_WARN_DEPRECATED_OBJC_IMPLEMENTATIONS = YES;
				CLANG_WARN_DIRECT_OBJC_ISA_USAGE = YES_ERROR;
				CLANG_WARN_DOCUMENTATION_COMMENTS = YES;
				CLANG_WARN_EMPTY_BODY = YES;
				CLANG_WARN_ENUM_CONVERSION = YES;
				CLANG_WARN_INFINITE_RECURSION = YES;
				CLANG_WARN_INT_CONVERSION = YES;
				CLANG_WARN_NON_LITERAL_NULL_CONVERSION = YES;
				CLANG_WARN_OBJC_IMPLICIT_RETAIN_SELF = YES;
				CLANG_WARN_OBJC_LITERAL_CONVERSION = YES;
				CLANG_WARN_OBJC_ROOT_CLASS = YES_ERROR;
				CLANG_WARN_QUOTED_INCLUDE_IN_FRAMEWORK_HEADER = YES;
				CLANG_WARN_RANGE_LOOP_ANALYSIS = YES;
				CLANG_WARN_STRICT_PROTOTYPES = YES;
				CLANG_WARN_SUSPICIOUS_MOVE = YES;
				CLANG_WARN_UNGUARDED_AVAILABILITY = YES_AGGRESSIVE;
				CLANG_WARN_UNREACHABLE_CODE = YES;
				CLANG_WARN__DUPLICATE_METHOD_MATCH = YES;
				COPY_PHASE_STRIP = NO;
				DEBUG_INFORMATION_FORMAT = "dwarf-with-dsym";
				ENABLE_NS_ASSERTIONS = NO;
				ENABLE_STRICT_OBJC_MSGSEND = YES;
				GCC_C_LANGUAGE_STANDARD = gnu11;
				GCC_NO_COMMON_BLOCKS = YES;
				GCC_WARN_64_TO_32_BIT_CONVERSION = YES;
				GCC_WARN_ABOUT_RETURN_TYPE = YES_ERROR;
				GCC_WARN_UNDECLARED_SELECTOR = YES;
				GCC_WARN_UNINITIALIZED_AUTOS = YES_AGGRESSIVE;
				GCC_WARN_UNUSED_FUNCTION = YES;
				GCC_WARN_UNUSED_VARIABLE = YES;
				IPHONEOS_DEPLOYMENT_TARGET = 14.5;
				MTL_ENABLE_DEBUG_INFO = NO;
				MTL_FAST_MATH = YES;
				SDKROOT = iphoneos;
				SWIFT_COMPILATION_MODE = wholemodule;
				SWIFT_OPTIMIZATION_LEVEL = "-O";
				VALIDATE_PRODUCT = YES;
			};
			name = Release;
		};
		08C11FE727456DBC00EB5BDB /* Debug */ = {
			isa = XCBuildConfiguration;
			buildSettings = {
				ASSETCATALOG_COMPILER_APPICON_NAME = AppIcon;
				ASSETCATALOG_COMPILER_GLOBAL_ACCENT_COLOR_NAME = AccentColor;
				CODE_SIGN_STYLE = Automatic;
				INFOPLIST_FILE = "41.Day-Project(7-9)-Malestone/Info.plist";
				LD_RUNPATH_SEARCH_PATHS = (
					"$(inherited)",
					"@executable_path/Frameworks",
				);
				PRODUCT_BUNDLE_IDENTIFIER = "Teams.-1-Day-Project-7-9--Malestone";
				PRODUCT_NAME = "$(TARGET_NAME)";
				SWIFT_VERSION = 5.0;
				TARGETED_DEVICE_FAMILY = "1,2";
			};
			name = Debug;
		};
		08C11FE827456DBC00EB5BDB /* Release */ = {
			isa = XCBuildConfiguration;
			buildSettings = {
				ASSETCATALOG_COMPILER_APPICON_NAME = AppIcon;
				ASSETCATALOG_COMPILER_GLOBAL_ACCENT_COLOR_NAME = AccentColor;
				CODE_SIGN_STYLE = Automatic;
				INFOPLIST_FILE = "41.Day-Project(7-9)-Malestone/Info.plist";
				LD_RUNPATH_SEARCH_PATHS = (
					"$(inherited)",
					"@executable_path/Frameworks",
				);
				PRODUCT_BUNDLE_IDENTIFIER = "Teams.-1-Day-Project-7-9--Malestone";
				PRODUCT_NAME = "$(TARGET_NAME)";
				SWIFT_VERSION = 5.0;
				TARGETED_DEVICE_FAMILY = "1,2";
			};
			name = Release;
		};
/* End XCBuildConfiguration section */

/* Begin XCConfigurationList section */
		08C11FCD27456DBB00EB5BDB /* Build configuration list for PBXProject "41.Day-Project(7-9)-Malestone" */ = {
			isa = XCConfigurationList;
			buildConfigurations = (
				08C11FE427456DBC00EB5BDB /* Debug */,
				08C11FE527456DBC00EB5BDB /* Release */,
			);
			defaultConfigurationIsVisible = 0;
			defaultConfigurationName = Release;
		};
		08C11FE627456DBC00EB5BDB /* Build configuration list for PBXNativeTarget "41.Day-Project(7-9)-Malestone" */ = {
			isa = XCConfigurationList;
			buildConfigurations = (
				08C11FE727456DBC00EB5BDB /* Debug */,
				08C11FE827456DBC00EB5BDB /* Release */,
			);
			defaultConfigurationIsVisible = 0;
			defaultConfigurationName = Release;
		};
/* End XCConfigurationList section */
	};
	rootObject = 08C11FCA27456DBB00EB5BDB /* Project object */;
}
