// !$*UTF8*$!
{
	archiveVersion = 1;
	classes = {
	};
	objectVersion = 50;
	objects = {

/* Begin PBXBuildFile section */
		0870698E2725CC5B00C84F7A /* AppDelegate.swift in Sources */ = {isa = PBXBuildFile; fileRef = 0870698D2725CC5B00C84F7A /* AppDelegate.swift */; };
		087069902725CC5B00C84F7A /* SceneDelegate.swift in Sources */ = {isa = PBXBuildFile; fileRef = 0870698F2725CC5B00C84F7A /* SceneDelegate.swift */; };
		087069922725CC5B00C84F7A /* ViewController.swift in Sources */ = {isa = PBXBuildFile; fileRef = 087069912725CC5B00C84F7A /* ViewController.swift */; };
		087069952725CC5B00C84F7A /* Main.storyboard in Resources */ = {isa = PBXBuildFile; fileRef = 087069932725CC5B00C84F7A /* Main.storyboard */; };
		087069972725CC5F00C84F7A /* Assets.xcassets in Resources */ = {isa = PBXBuildFile; fileRef = 087069962725CC5F00C84F7A /* Assets.xcassets */; };
		0870699A2725CC5F00C84F7A /* LaunchScreen.storyboard in Resources */ = {isa = PBXBuildFile; fileRef = 087069982725CC5F00C84F7A /* LaunchScreen.storyboard */; };
		087069A22725CCED00C84F7A /* DetailViewController.swift in Sources */ = {isa = PBXBuildFile; fileRef = 087069A12725CCED00C84F7A /* DetailViewController.swift */; };
/* End PBXBuildFile section */

/* Begin PBXFileReference section */
		0870698A2725CC5B00C84F7A /* 23.Day-Project(1-3)-Milestone.app */ = {isa = PBXFileReference; explicitFileType = wrapper.application; includeInIndex = 0; path = "23.Day-Project(1-3)-Milestone.app"; sourceTree = BUILT_PRODUCTS_DIR; };
		0870698D2725CC5B00C84F7A /* AppDelegate.swift */ = {isa = PBXFileReference; lastKnownFileType = sourcecode.swift; path = AppDelegate.swift; sourceTree = "<group>"; };
		0870698F2725CC5B00C84F7A /* SceneDelegate.swift */ = {isa = PBXFileReference; lastKnownFileType = sourcecode.swift; path = SceneDelegate.swift; sourceTree = "<group>"; };
		087069912725CC5B00C84F7A /* ViewController.swift */ = {isa = PBXFileReference; lastKnownFileType = sourcecode.swift; path = ViewController.swift; sourceTree = "<group>"; };
		087069942725CC5B00C84F7A /* Base */ = {isa = PBXFileReference; lastKnownFileType = file.storyboard; name = Base; path = Base.lproj/Main.storyboard; sourceTree = "<group>"; };
		087069962725CC5F00C84F7A /* Assets.xcassets */ = {isa = PBXFileReference; lastKnownFileType = folder.assetcatalog; path = Assets.xcassets; sourceTree = "<group>"; };
		087069992725CC5F00C84F7A /* Base */ = {isa = PBXFileReference; lastKnownFileType = file.storyboard; name = Base; path = Base.lproj/LaunchScreen.storyboard; sourceTree = "<group>"; };
		0870699B2725CC5F00C84F7A /* Info.plist */ = {isa = PBXFileReference; lastKnownFileType = text.plist.xml; path = Info.plist; sourceTree = "<group>"; };
		087069A12725CCED00C84F7A /* DetailViewController.swift */ = {isa = PBXFileReference; lastKnownFileType = sourcecode.swift; path = DetailViewController.swift; sourceTree = "<group>"; };
/* End PBXFileReference section */

/* Begin PBXFrameworksBuildPhase section */
		087069872725CC5B00C84F7A /* Frameworks */ = {
			isa = PBXFrameworksBuildPhase;
			buildActionMask = 2147483647;
			files = (
			);
			runOnlyForDeploymentPostprocessing = 0;
		};
/* End PBXFrameworksBuildPhase section */

/* Begin PBXGroup section */
		087069812725CC5B00C84F7A = {
			isa = PBXGroup;
			children = (
				0870698C2725CC5B00C84F7A /* 23.Day-Project(1-3)-Milestone */,
				0870698B2725CC5B00C84F7A /* Products */,
			);
			sourceTree = "<group>";
		};
		0870698B2725CC5B00C84F7A /* Products */ = {
			isa = PBXGroup;
			children = (
				0870698A2725CC5B00C84F7A /* 23.Day-Project(1-3)-Milestone.app */,
			);
			name = Products;
			sourceTree = "<group>";
		};
		0870698C2725CC5B00C84F7A /* 23.Day-Project(1-3)-Milestone */ = {
			isa = PBXGroup;
			children = (
				0870698D2725CC5B00C84F7A /* AppDelegate.swift */,
				0870698F2725CC5B00C84F7A /* SceneDelegate.swift */,
				087069912725CC5B00C84F7A /* ViewController.swift */,
				087069932725CC5B00C84F7A /* Main.storyboard */,
				087069A12725CCED00C84F7A /* DetailViewController.swift */,
				087069962725CC5F00C84F7A /* Assets.xcassets */,
				087069982725CC5F00C84F7A /* LaunchScreen.storyboard */,
				0870699B2725CC5F00C84F7A /* Info.plist */,
			);
			path = "23.Day-Project(1-3)-Milestone";
			sourceTree = "<group>";
		};
/* End PBXGroup section */

/* Begin PBXNativeTarget section */
		087069892725CC5B00C84F7A /* 23.Day-Project(1-3)-Milestone */ = {
			isa = PBXNativeTarget;
			buildConfigurationList = 0870699E2725CC5F00C84F7A /* Build configuration list for PBXNativeTarget "23.Day-Project(1-3)-Milestone" */;
			buildPhases = (
				087069862725CC5B00C84F7A /* Sources */,
				087069872725CC5B00C84F7A /* Frameworks */,
				087069882725CC5B00C84F7A /* Resources */,
			);
			buildRules = (
			);
			dependencies = (
			);
			name = "23.Day-Project(1-3)-Milestone";
			productName = "23.Day-Project(1-3)-Milestone";
			productReference = 0870698A2725CC5B00C84F7A /* 23.Day-Project(1-3)-Milestone.app */;
			productType = "com.apple.product-type.application";
		};
/* End PBXNativeTarget section */

/* Begin PBXProject section */
		087069822725CC5B00C84F7A /* Project object */ = {
			isa = PBXProject;
			attributes = {
				LastSwiftUpdateCheck = 1250;
				LastUpgradeCheck = 1250;
				TargetAttributes = {
					087069892725CC5B00C84F7A = {
						CreatedOnToolsVersion = 12.5.1;
					};
				};
			};
			buildConfigurationList = 087069852725CC5B00C84F7A /* Build configuration list for PBXProject "23.Day-Project(1-3)-Milestone" */;
			compatibilityVersion = "Xcode 9.3";
			developmentRegion = en;
			hasScannedForEncodings = 0;
			knownRegions = (
				en,
				Base,
			);
			mainGroup = 087069812725CC5B00C84F7A;
			productRefGroup = 0870698B2725CC5B00C84F7A /* Products */;
			projectDirPath = "";
			projectRoot = "";
			targets = (
				087069892725CC5B00C84F7A /* 23.Day-Project(1-3)-Milestone */,
			);
		};
/* End PBXProject section */

/* Begin PBXResourcesBuildPhase section */
		087069882725CC5B00C84F7A /* Resources */ = {
			isa = PBXResourcesBuildPhase;
			buildActionMask = 2147483647;
			files = (
				0870699A2725CC5F00C84F7A /* LaunchScreen.storyboard in Resources */,
				087069972725CC5F00C84F7A /* Assets.xcassets in Resources */,
				087069952725CC5B00C84F7A /* Main.storyboard in Resources */,
			);
			runOnlyForDeploymentPostprocessing = 0;
		};
/* End PBXResourcesBuildPhase section */

/* Begin PBXSourcesBuildPhase section */
		087069862725CC5B00C84F7A /* Sources */ = {
			isa = PBXSourcesBuildPhase;
			buildActionMask = 2147483647;
			files = (
				087069922725CC5B00C84F7A /* ViewController.swift in Sources */,
				0870698E2725CC5B00C84F7A /* AppDelegate.swift in Sources */,
				087069902725CC5B00C84F7A /* SceneDelegate.swift in Sources */,
				087069A22725CCED00C84F7A /* DetailViewController.swift in Sources */,
			);
			runOnlyForDeploymentPostprocessing = 0;
		};
/* End PBXSourcesBuildPhase section */

/* Begin PBXVariantGroup section */
		087069932725CC5B00C84F7A /* Main.storyboard */ = {
			isa = PBXVariantGroup;
			children = (
				087069942725CC5B00C84F7A /* Base */,
			);
			name = Main.storyboard;
			sourceTree = "<group>";
		};
		087069982725CC5F00C84F7A /* LaunchScreen.storyboard */ = {
			isa = PBXVariantGroup;
			children = (
				087069992725CC5F00C84F7A /* Base */,
			);
			name = LaunchScreen.storyboard;
			sourceTree = "<group>";
		};
/* End PBXVariantGroup section */

/* Begin XCBuildConfiguration section */
		0870699C2725CC5F00C84F7A /* Debug */ = {
			isa = XCBuildConfiguration;
			buildSettings = {
				ALWAYS_SEARCH_USER_PATHS = NO;
				CLANG_ANALYZER_NONNULL = YES;
				CLANG_ANALYZER_NUMBER_OBJECT_CONVERSION = YES_AGGRESSIVE;
				CLANG_CXX_LANGUAGE_STANDARD = "gnu++14";
				CLANG_CXX_LIBRARY = "libc++";
				CLANG_ENABLE_MODULES = YES;
				CLANG_ENABLE_OBJC_ARC = YES;
				CLANG_ENABLE_OBJC_WEAK = YES;
				CLANG_WARN_BLOCK_CAPTURE_AUTORELEASING = YES;
				CLANG_WARN_BOOL_CONVERSION = YES;
				CLANG_WARN_COMMA = YES;
				CLANG_WARN_CONSTANT_CONVERSION = YES;
				CLANG_WARN_DEPRECATED_OBJC_IMPLEMENTATIONS = YES;
				CLANG_WARN_DIRECT_OBJC_ISA_USAGE = YES_ERROR;
				CLANG_WARN_DOCUMENTATION_COMMENTS = YES;
				CLANG_WARN_EMPTY_BODY = YES;
				CLANG_WARN_ENUM_CONVERSION = YES;
				CLANG_WARN_INFINITE_RECURSION = YES;
				CLANG_WARN_INT_CONVERSION = YES;
				CLANG_WARN_NON_LITERAL_NULL_CONVERSION = YES;
				CLANG_WARN_OBJC_IMPLICIT_RETAIN_SELF = YES;
				CLANG_WARN_OBJC_LITERAL_CONVERSION = YES;
				CLANG_WARN_OBJC_ROOT_CLASS = YES_ERROR;
				CLANG_WARN_QUOTED_INCLUDE_IN_FRAMEWORK_HEADER = YES;
				CLANG_WARN_RANGE_LOOP_ANALYSIS = YES;
				CLANG_WARN_STRICT_PROTOTYPES = YES;
				CLANG_WARN_SUSPICIOUS_MOVE = YES;
				CLANG_WARN_UNGUARDED_AVAILABILITY = YES_AGGRESSIVE;
				CLANG_WARN_UNREACHABLE_CODE = YES;
				CLANG_WARN__DUPLICATE_METHOD_MATCH = YES;
				COPY_PHASE_STRIP = NO;
				DEBUG_INFORMATION_FORMAT = dwarf;
				ENABLE_STRICT_OBJC_MSGSEND = YES;
				ENABLE_TESTABILITY = YES;
				GCC_C_LANGUAGE_STANDARD = gnu11;
				GCC_DYNAMIC_NO_PIC = NO;
				GCC_NO_COMMON_BLOCKS = YES;
				GCC_OPTIMIZATION_LEVEL = 0;
				GCC_PREPROCESSOR_DEFINITIONS = (
					"DEBUG=1",
					"$(inherited)",
				);
				GCC_WARN_64_TO_32_BIT_CONVERSION = YES;
				GCC_WARN_ABOUT_RETURN_TYPE = YES_ERROR;
				GCC_WARN_UNDECLARED_SELECTOR = YES;
				GCC_WARN_UNINITIALIZED_AUTOS = YES_AGGRESSIVE;
				GCC_WARN_UNUSED_FUNCTION = YES;
				GCC_WARN_UNUSED_VARIABLE = YES;
				IPHONEOS_DEPLOYMENT_TARGET = 14.5;
				MTL_ENABLE_DEBUG_INFO = INCLUDE_SOURCE;
				MTL_FAST_MATH = YES;
				ONLY_ACTIVE_ARCH = YES;
				SDKROOT = iphoneos;
				SWIFT_ACTIVE_COMPILATION_CONDITIONS = DEBUG;
				SWIFT_OPTIMIZATION_LEVEL = "-Onone";
			};
			name = Debug;
		};
		0870699D2725CC5F00C84F7A /* Release */ = {
			isa = XCBuildConfiguration;
			buildSettings = {
				ALWAYS_SEARCH_USER_PATHS = NO;
				CLANG_ANALYZER_NONNULL = YES;
				CLANG_ANALYZER_NUMBER_OBJECT_CONVERSION = YES_AGGRESSIVE;
				CLANG_CXX_LANGUAGE_STANDARD = "gnu++14";
				CLANG_CXX_LIBRARY = "libc++";
				CLANG_ENABLE_MODULES = YES;
				CLANG_ENABLE_OBJC_ARC = YES;
				CLANG_ENABLE_OBJC_WEAK = YES;
				CLANG_WARN_BLOCK_CAPTURE_AUTORELEASING = YES;
				CLANG_WARN_BOOL_CONVERSION = YES;
				CLANG_WARN_COMMA = YES;
				CLANG_WARN_CONSTANT_CONVERSION = YES;
				CLANG_WARN_DEPRECATED_OBJC_IMPLEMENTATIONS = YES;
				CLANG_WARN_DIRECT_OBJC_ISA_USAGE = YES_ERROR;
				CLANG_WARN_DOCUMENTATION_COMMENTS = YES;
				CLANG_WARN_EMPTY_BODY = YES;
				CLANG_WARN_ENUM_CONVERSION = YES;
				CLANG_WARN_INFINITE_RECURSION = YES;
				CLANG_WARN_INT_CONVERSION = YES;
				CLANG_WARN_NON_LITERAL_NULL_CONVERSION = YES;
				CLANG_WARN_OBJC_IMPLICIT_RETAIN_SELF = YES;
				CLANG_WARN_OBJC_LITERAL_CONVERSION = YES;
				CLANG_WARN_OBJC_ROOT_CLASS = YES_ERROR;
				CLANG_WARN_QUOTED_INCLUDE_IN_FRAMEWORK_HEADER = YES;
				CLANG_WARN_RANGE_LOOP_ANALYSIS = YES;
				CLANG_WARN_STRICT_PROTOTYPES = YES;
				CLANG_WARN_SUSPICIOUS_MOVE = YES;
				CLANG_WARN_UNGUARDED_AVAILABILITY = YES_AGGRESSIVE;
				CLANG_WARN_UNREACHABLE_CODE = YES;
				CLANG_WARN__DUPLICATE_METHOD_MATCH = YES;
				COPY_PHASE_STRIP = NO;
				DEBUG_INFORMATION_FORMAT = "dwarf-with-dsym";
				ENABLE_NS_ASSERTIONS = NO;
				ENABLE_STRICT_OBJC_MSGSEND = YES;
				GCC_C_LANGUAGE_STANDARD = gnu11;
				GCC_NO_COMMON_BLOCKS = YES;
				GCC_WARN_64_TO_32_BIT_CONVERSION = YES;
				GCC_WARN_ABOUT_RETURN_TYPE = YES_ERROR;
				GCC_WARN_UNDECLARED_SELECTOR = YES;
				GCC_WARN_UNINITIALIZED_AUTOS = YES_AGGRESSIVE;
				GCC_WARN_UNUSED_FUNCTION = YES;
				GCC_WARN_UNUSED_VARIABLE = YES;
				IPHONEOS_DEPLOYMENT_TARGET = 14.5;
				MTL_ENABLE_DEBUG_INFO = NO;
				MTL_FAST_MATH = YES;
				SDKROOT = iphoneos;
				SWIFT_COMPILATION_MODE = wholemodule;
				SWIFT_OPTIMIZATION_LEVEL = "-O";
				VALIDATE_PRODUCT = YES;
			};
			name = Release;
		};
		0870699F2725CC5F00C84F7A /* Debug */ = {
			isa = XCBuildConfiguration;
			buildSettings = {
				ASSETCATALOG_COMPILER_APPICON_NAME = AppIcon;
				ASSETCATALOG_COMPILER_GLOBAL_ACCENT_COLOR_NAME = AccentColor;
				CODE_SIGN_STYLE = Automatic;
				INFOPLIST_FILE = "23.Day-Project(1-3)-Milestone/Info.plist";
				LD_RUNPATH_SEARCH_PATHS = (
					"$(inherited)",
					"@executable_path/Frameworks",
				);
				PRODUCT_BUNDLE_IDENTIFIER = "Teams.-3-Day-Project-1-3--Milestone";
				PRODUCT_NAME = "$(TARGET_NAME)";
				SWIFT_VERSION = 5.0;
				TARGETED_DEVICE_FAMILY = "1,2";
			};
			name = Debug;
		};
		087069A02725CC5F00C84F7A /* Release */ = {
			isa = XCBuildConfiguration;
			buildSettings = {
				ASSETCATALOG_COMPILER_APPICON_NAME = AppIcon;
				ASSETCATALOG_COMPILER_GLOBAL_ACCENT_COLOR_NAME = AccentColor;
				CODE_SIGN_STYLE = Automatic;
				INFOPLIST_FILE = "23.Day-Project(1-3)-Milestone/Info.plist";
				LD_RUNPATH_SEARCH_PATHS = (
					"$(inherited)",
					"@executable_path/Frameworks",
				);
				PRODUCT_BUNDLE_IDENTIFIER = "Teams.-3-Day-Project-1-3--Milestone";
				PRODUCT_NAME = "$(TARGET_NAME)";
				SWIFT_VERSION = 5.0;
				TARGETED_DEVICE_FAMILY = "1,2";
			};
			name = Release;
		};
/* End XCBuildConfiguration section */

/* Begin XCConfigurationList section */
		087069852725CC5B00C84F7A /* Build configuration list for PBXProject "23.Day-Project(1-3)-Milestone" */ = {
			isa = XCConfigurationList;
			buildConfigurations = (
				0870699C2725CC5F00C84F7A /* Debug */,
				0870699D2725CC5F00C84F7A /* Release */,
			);
			defaultConfigurationIsVisible = 0;
			defaultConfigurationName = Release;
		};
		0870699E2725CC5F00C84F7A /* Build configuration list for PBXNativeTarget "23.Day-Project(1-3)-Milestone" */ = {
			isa = XCConfigurationList;
			buildConfigurations = (
				0870699F2725CC5F00C84F7A /* Debug */,
				087069A02725CC5F00C84F7A /* Release */,
			);
			defaultConfigurationIsVisible = 0;
			defaultConfigurationName = Release;
		};
/* End XCConfigurationList section */
	};
	rootObject = 087069822725CC5B00C84F7A /* Project object */;
}
