// !$*UTF8*$!
{
	archiveVersion = 1;
	classes = {
	};
	objectVersion = 50;
	objects = {

/* Begin PBXBuildFile section */
		0875342527484A9300E0024C /* Concentration.swift in Sources */ = {isa = PBXBuildFile; fileRef = 0875342427484A9300E0024C /* Concentration.swift */; };
		0875342A27484D9700E0024C /* Card.swift in Sources */ = {isa = PBXBuildFile; fileRef = 0875342927484D9700E0024C /* Card.swift */; };
		08EFF80927458D2400EC8EE0 /* AppDelegate.swift in Sources */ = {isa = PBXBuildFile; fileRef = 08EFF80827458D2400EC8EE0 /* AppDelegate.swift */; };
		08EFF80B27458D2400EC8EE0 /* SceneDelegate.swift in Sources */ = {isa = PBXBuildFile; fileRef = 08EFF80A27458D2400EC8EE0 /* SceneDelegate.swift */; };
		08EFF80D27458D2400EC8EE0 /* ViewController.swift in Sources */ = {isa = PBXBuildFile; fileRef = 08EFF80C27458D2400EC8EE0 /* ViewController.swift */; };
		08EFF81027458D2400EC8EE0 /* Main.storyboard in Resources */ = {isa = PBXBuildFile; fileRef = 08EFF80E27458D2400EC8EE0 /* Main.storyboard */; };
		08EFF81227458D2500EC8EE0 /* Assets.xcassets in Resources */ = {isa = PBXBuildFile; fileRef = 08EFF81127458D2500EC8EE0 /* Assets.xcassets */; };
		08EFF81527458D2500EC8EE0 /* LaunchScreen.storyboard in Resources */ = {isa = PBXBuildFile; fileRef = 08EFF81327458D2500EC8EE0 /* LaunchScreen.storyboard */; };
/* End PBXBuildFile section */

/* Begin PBXFileReference section */
		0875342427484A9300E0024C /* Concentration.swift */ = {isa = PBXFileReference; lastKnownFileType = sourcecode.swift; path = Concentration.swift; sourceTree = "<group>"; };
		0875342927484D9700E0024C /* Card.swift */ = {isa = PBXFileReference; lastKnownFileType = sourcecode.swift; path = Card.swift; sourceTree = "<group>"; };
		08EFF80527458D2400EC8EE0 /* Concentration.app */ = {isa = PBXFileReference; explicitFileType = wrapper.application; includeInIndex = 0; path = Concentration.app; sourceTree = BUILT_PRODUCTS_DIR; };
		08EFF80827458D2400EC8EE0 /* AppDelegate.swift */ = {isa = PBXFileReference; lastKnownFileType = sourcecode.swift; path = AppDelegate.swift; sourceTree = "<group>"; };
		08EFF80A27458D2400EC8EE0 /* SceneDelegate.swift */ = {isa = PBXFileReference; lastKnownFileType = sourcecode.swift; path = SceneDelegate.swift; sourceTree = "<group>"; };
		08EFF80C27458D2400EC8EE0 /* ViewController.swift */ = {isa = PBXFileReference; lastKnownFileType = sourcecode.swift; path = ViewController.swift; sourceTree = "<group>"; };
		08EFF80F27458D2400EC8EE0 /* Base */ = {isa = PBXFileReference; lastKnownFileType = file.storyboard; name = Base; path = Base.lproj/Main.storyboard; sourceTree = "<group>"; };
		08EFF81127458D2500EC8EE0 /* Assets.xcassets */ = {isa = PBXFileReference; lastKnownFileType = folder.assetcatalog; path = Assets.xcassets; sourceTree = "<group>"; };
		08EFF81427458D2500EC8EE0 /* Base */ = {isa = PBXFileReference; lastKnownFileType = file.storyboard; name = Base; path = Base.lproj/LaunchScreen.storyboard; sourceTree = "<group>"; };
		08EFF81627458D2500EC8EE0 /* Info.plist */ = {isa = PBXFileReference; lastKnownFileType = text.plist.xml; path = Info.plist; sourceTree = "<group>"; };
/* End PBXFileReference section */

/* Begin PBXFrameworksBuildPhase section */
		08EFF80227458D2400EC8EE0 /* Frameworks */ = {
			isa = PBXFrameworksBuildPhase;
			buildActionMask = 2147483647;
			files = (
			);
			runOnlyForDeploymentPostprocessing = 0;
		};
/* End PBXFrameworksBuildPhase section */

/* Begin PBXGroup section */
		0875342627484AA600E0024C /* Controller */ = {
			isa = PBXGroup;
			children = (
				08EFF80C27458D2400EC8EE0 /* ViewController.swift */,
			);
			path = Controller;
			sourceTree = "<group>";
		};
		0875342727484AAD00E0024C /* Model */ = {
			isa = PBXGroup;
			children = (
				0875342427484A9300E0024C /* Concentration.swift */,
				0875342927484D9700E0024C /* Card.swift */,
			);
			path = Model;
			sourceTree = "<group>";
		};
		0875342827484AB900E0024C /* View */ = {
			isa = PBXGroup;
			children = (
				08EFF80E27458D2400EC8EE0 /* Main.storyboard */,
			);
			path = View;
			sourceTree = "<group>";
		};
		08EFF7FC27458D2400EC8EE0 = {
			isa = PBXGroup;
			children = (
				08EFF80727458D2400EC8EE0 /* Concentration */,
				08EFF80627458D2400EC8EE0 /* Products */,
			);
			sourceTree = "<group>";
		};
		08EFF80627458D2400EC8EE0 /* Products */ = {
			isa = PBXGroup;
			children = (
				08EFF80527458D2400EC8EE0 /* Concentration.app */,
			);
			name = Products;
			sourceTree = "<group>";
		};
		08EFF80727458D2400EC8EE0 /* Concentration */ = {
			isa = PBXGroup;
			children = (
				0875342727484AAD00E0024C /* Model */,
				0875342827484AB900E0024C /* View */,
				0875342627484AA600E0024C /* Controller */,
				08EFF81627458D2500EC8EE0 /* Info.plist */,
				08EFF81C27458E7A00EC8EE0 /* Supporting Files */,
			);
			path = Concentration;
			sourceTree = "<group>";
		};
		08EFF81C27458E7A00EC8EE0 /* Supporting Files */ = {
			isa = PBXGroup;
			children = (
				08EFF80827458D2400EC8EE0 /* AppDelegate.swift */,
				08EFF80A27458D2400EC8EE0 /* SceneDelegate.swift */,
				08EFF81127458D2500EC8EE0 /* Assets.xcassets */,
				08EFF81327458D2500EC8EE0 /* LaunchScreen.storyboard */,
			);
			path = "Supporting Files";
			sourceTree = "<group>";
		};
/* End PBXGroup section */

/* Begin PBXNativeTarget section */
		08EFF80427458D2400EC8EE0 /* Concentration */ = {
			isa = PBXNativeTarget;
			buildConfigurationList = 08EFF81927458D2500EC8EE0 /* Build configuration list for PBXNativeTarget "Concentration" */;
			buildPhases = (
				08EFF80127458D2400EC8EE0 /* Sources */,
				08EFF80227458D2400EC8EE0 /* Frameworks */,
				08EFF80327458D2400EC8EE0 /* Resources */,
			);
			buildRules = (
			);
			dependencies = (
			);
			name = Concentration;
			productName = Concentration;
			productReference = 08EFF80527458D2400EC8EE0 /* Concentration.app */;
			productType = "com.apple.product-type.application";
		};
/* End PBXNativeTarget section */

/* Begin PBXProject section */
		08EFF7FD27458D2400EC8EE0 /* Project object */ = {
			isa = PBXProject;
			attributes = {
				LastSwiftUpdateCheck = 1250;
				LastUpgradeCheck = 1250;
				TargetAttributes = {
					08EFF80427458D2400EC8EE0 = {
						CreatedOnToolsVersion = 12.5.1;
					};
				};
			};
			buildConfigurationList = 08EFF80027458D2400EC8EE0 /* Build configuration list for PBXProject "Concentration" */;
			compatibilityVersion = "Xcode 9.3";
			developmentRegion = en;
			hasScannedForEncodings = 0;
			knownRegions = (
				en,
				Base,
			);
			mainGroup = 08EFF7FC27458D2400EC8EE0;
			productRefGroup = 08EFF80627458D2400EC8EE0 /* Products */;
			projectDirPath = "";
			projectRoot = "";
			targets = (
				08EFF80427458D2400EC8EE0 /* Concentration */,
			);
		};
/* End PBXProject section */

/* Begin PBXResourcesBuildPhase section */
		08EFF80327458D2400EC8EE0 /* Resources */ = {
			isa = PBXResourcesBuildPhase;
			buildActionMask = 2147483647;
			files = (
				08EFF81527458D2500EC8EE0 /* LaunchScreen.storyboard in Resources */,
				08EFF81227458D2500EC8EE0 /* Assets.xcassets in Resources */,
				08EFF81027458D2400EC8EE0 /* Main.storyboard in Resources */,
			);
			runOnlyForDeploymentPostprocessing = 0;
		};
/* End PBXResourcesBuildPhase section */

/* Begin PBXSourcesBuildPhase section */
		08EFF80127458D2400EC8EE0 /* Sources */ = {
			isa = PBXSourcesBuildPhase;
			buildActionMask = 2147483647;
			files = (
				08EFF80D27458D2400EC8EE0 /* ViewController.swift in Sources */,
				0875342527484A9300E0024C /* Concentration.swift in Sources */,
				0875342A27484D9700E0024C /* Card.swift in Sources */,
				08EFF80927458D2400EC8EE0 /* AppDelegate.swift in Sources */,
				08EFF80B27458D2400EC8EE0 /* SceneDelegate.swift in Sources */,
			);
			runOnlyForDeploymentPostprocessing = 0;
		};
/* End PBXSourcesBuildPhase section */

/* Begin PBXVariantGroup section */
		08EFF80E27458D2400EC8EE0 /* Main.storyboard */ = {
			isa = PBXVariantGroup;
			children = (
				08EFF80F27458D2400EC8EE0 /* Base */,
			);
			name = Main.storyboard;
			sourceTree = "<group>";
		};
		08EFF81327458D2500EC8EE0 /* LaunchScreen.storyboard */ = {
			isa = PBXVariantGroup;
			children = (
				08EFF81427458D2500EC8EE0 /* Base */,
			);
			name = LaunchScreen.storyboard;
			sourceTree = "<group>";
		};
/* End PBXVariantGroup section */

/* Begin XCBuildConfiguration section */
		08EFF81727458D2500EC8EE0 /* Debug */ = {
			isa = XCBuildConfiguration;
			buildSettings = {
				ALWAYS_SEARCH_USER_PATHS = NO;
				CLANG_ANALYZER_NONNULL = YES;
				CLANG_ANALYZER_NUMBER_OBJECT_CONVERSION = YES_AGGRESSIVE;
				CLANG_CXX_LANGUAGE_STANDARD = "gnu++14";
				CLANG_CXX_LIBRARY = "libc++";
				CLANG_ENABLE_MODULES = YES;
				CLANG_ENABLE_OBJC_ARC = YES;
				CLANG_ENABLE_OBJC_WEAK = YES;
				CLANG_WARN_BLOCK_CAPTURE_AUTORELEASING = YES;
				CLANG_WARN_BOOL_CONVERSION = YES;
				CLANG_WARN_COMMA = YES;
				CLANG_WARN_CONSTANT_CONVERSION = YES;
				CLANG_WARN_DEPRECATED_OBJC_IMPLEMENTATIONS = YES;
				CLANG_WARN_DIRECT_OBJC_ISA_USAGE = YES_ERROR;
				CLANG_WARN_DOCUMENTATION_COMMENTS = YES;
				CLANG_WARN_EMPTY_BODY = YES;
				CLANG_WARN_ENUM_CONVERSION = YES;
				CLANG_WARN_INFINITE_RECURSION = YES;
				CLANG_WARN_INT_CONVERSION = YES;
				CLANG_WARN_NON_LITERAL_NULL_CONVERSION = YES;
				CLANG_WARN_OBJC_IMPLICIT_RETAIN_SELF = YES;
				CLANG_WARN_OBJC_LITERAL_CONVERSION = YES;
				CLANG_WARN_OBJC_ROOT_CLASS = YES_ERROR;
				CLANG_WARN_QUOTED_INCLUDE_IN_FRAMEWORK_HEADER = YES;
				CLANG_WARN_RANGE_LOOP_ANALYSIS = YES;
				CLANG_WARN_STRICT_PROTOTYPES = YES;
				CLANG_WARN_SUSPICIOUS_MOVE = YES;
				CLANG_WARN_UNGUARDED_AVAILABILITY = YES_AGGRESSIVE;
				CLANG_WARN_UNREACHABLE_CODE = YES;
				CLANG_WARN__DUPLICATE_METHOD_MATCH = YES;
				COPY_PHASE_STRIP = NO;
				DEBUG_INFORMATION_FORMAT = dwarf;
				ENABLE_STRICT_OBJC_MSGSEND = YES;
				ENABLE_TESTABILITY = YES;
				GCC_C_LANGUAGE_STANDARD = gnu11;
				GCC_DYNAMIC_NO_PIC = NO;
				GCC_NO_COMMON_BLOCKS = YES;
				GCC_OPTIMIZATION_LEVEL = 0;
				GCC_PREPROCESSOR_DEFINITIONS = (
					"DEBUG=1",
					"$(inherited)",
				);
				GCC_WARN_64_TO_32_BIT_CONVERSION = YES;
				GCC_WARN_ABOUT_RETURN_TYPE = YES_ERROR;
				GCC_WARN_UNDECLARED_SELECTOR = YES;
				GCC_WARN_UNINITIALIZED_AUTOS = YES_AGGRESSIVE;
				GCC_WARN_UNUSED_FUNCTION = YES;
				GCC_WARN_UNUSED_VARIABLE = YES;
				IPHONEOS_DEPLOYMENT_TARGET = 14.5;
				MTL_ENABLE_DEBUG_INFO = INCLUDE_SOURCE;
				MTL_FAST_MATH = YES;
				ONLY_ACTIVE_ARCH = YES;
				SDKROOT = iphoneos;
				SWIFT_ACTIVE_COMPILATION_CONDITIONS = DEBUG;
				SWIFT_OPTIMIZATION_LEVEL = "-Onone";
			};
			name = Debug;
		};
		08EFF81827458D2500EC8EE0 /* Release */ = {
			isa = XCBuildConfiguration;
			buildSettings = {
				ALWAYS_SEARCH_USER_PATHS = NO;
				CLANG_ANALYZER_NONNULL = YES;
				CLANG_ANALYZER_NUMBER_OBJECT_CONVERSION = YES_AGGRESSIVE;
				CLANG_CXX_LANGUAGE_STANDARD = "gnu++14";
				CLANG_CXX_LIBRARY = "libc++";
				CLANG_ENABLE_MODULES = YES;
				CLANG_ENABLE_OBJC_ARC = YES;
				CLANG_ENABLE_OBJC_WEAK = YES;
				CLANG_WARN_BLOCK_CAPTURE_AUTORELEASING = YES;
				CLANG_WARN_BOOL_CONVERSION = YES;
				CLANG_WARN_COMMA = YES;
				CLANG_WARN_CONSTANT_CONVERSION = YES;
				CLANG_WARN_DEPRECATED_OBJC_IMPLEMENTATIONS = YES;
				CLANG_WARN_DIRECT_OBJC_ISA_USAGE = YES_ERROR;
				CLANG_WARN_DOCUMENTATION_COMMENTS = YES;
				CLANG_WARN_EMPTY_BODY = YES;
				CLANG_WARN_ENUM_CONVERSION = YES;
				CLANG_WARN_INFINITE_RECURSION = YES;
				CLANG_WARN_INT_CONVERSION = YES;
				CLANG_WARN_NON_LITERAL_NULL_CONVERSION = YES;
				CLANG_WARN_OBJC_IMPLICIT_RETAIN_SELF = YES;
				CLANG_WARN_OBJC_LITERAL_CONVERSION = YES;
				CLANG_WARN_OBJC_ROOT_CLASS = YES_ERROR;
				CLANG_WARN_QUOTED_INCLUDE_IN_FRAMEWORK_HEADER = YES;
				CLANG_WARN_RANGE_LOOP_ANALYSIS = YES;
				CLANG_WARN_STRICT_PROTOTYPES = YES;
				CLANG_WARN_SUSPICIOUS_MOVE = YES;
				CLANG_WARN_UNGUARDED_AVAILABILITY = YES_AGGRESSIVE;
				CLANG_WARN_UNREACHABLE_CODE = YES;
				CLANG_WARN__DUPLICATE_METHOD_MATCH = YES;
				COPY_PHASE_STRIP = NO;
				DEBUG_INFORMATION_FORMAT = "dwarf-with-dsym";
				ENABLE_NS_ASSERTIONS = NO;
				ENABLE_STRICT_OBJC_MSGSEND = YES;
				GCC_C_LANGUAGE_STANDARD = gnu11;
				GCC_NO_COMMON_BLOCKS = YES;
				GCC_WARN_64_TO_32_BIT_CONVERSION = YES;
				GCC_WARN_ABOUT_RETURN_TYPE = YES_ERROR;
				GCC_WARN_UNDECLARED_SELECTOR = YES;
				GCC_WARN_UNINITIALIZED_AUTOS = YES_AGGRESSIVE;
				GCC_WARN_UNUSED_FUNCTION = YES;
				GCC_WARN_UNUSED_VARIABLE = YES;
				IPHONEOS_DEPLOYMENT_TARGET = 14.5;
				MTL_ENABLE_DEBUG_INFO = NO;
				MTL_FAST_MATH = YES;
				SDKROOT = iphoneos;
				SWIFT_COMPILATION_MODE = wholemodule;
				SWIFT_OPTIMIZATION_LEVEL = "-O";
				VALIDATE_PRODUCT = YES;
			};
			name = Release;
		};
		08EFF81A27458D2500EC8EE0 /* Debug */ = {
			isa = XCBuildConfiguration;
			buildSettings = {
				ASSETCATALOG_COMPILER_APPICON_NAME = AppIcon;
				ASSETCATALOG_COMPILER_GLOBAL_ACCENT_COLOR_NAME = AccentColor;
				CODE_SIGN_STYLE = Automatic;
				INFOPLIST_FILE = Concentration/Info.plist;
				LD_RUNPATH_SEARCH_PATHS = (
					"$(inherited)",
					"@executable_path/Frameworks",
				);
				PRODUCT_BUNDLE_IDENTIFIER = Teams.Concentration;
				PRODUCT_NAME = "$(TARGET_NAME)";
				SWIFT_VERSION = 5.0;
				TARGETED_DEVICE_FAMILY = "1,2";
			};
			name = Debug;
		};
		08EFF81B27458D2500EC8EE0 /* Release */ = {
			isa = XCBuildConfiguration;
			buildSettings = {
				ASSETCATALOG_COMPILER_APPICON_NAME = AppIcon;
				ASSETCATALOG_COMPILER_GLOBAL_ACCENT_COLOR_NAME = AccentColor;
				CODE_SIGN_STYLE = Automatic;
				INFOPLIST_FILE = Concentration/Info.plist;
				LD_RUNPATH_SEARCH_PATHS = (
					"$(inherited)",
					"@executable_path/Frameworks",
				);
				PRODUCT_BUNDLE_IDENTIFIER = Teams.Concentration;
				PRODUCT_NAME = "$(TARGET_NAME)";
				SWIFT_VERSION = 5.0;
				TARGETED_DEVICE_FAMILY = "1,2";
			};
			name = Release;
		};
/* End XCBuildConfiguration section */

/* Begin XCConfigurationList section */
		08EFF80027458D2400EC8EE0 /* Build configuration list for PBXProject "Concentration" */ = {
			isa = XCConfigurationList;
			buildConfigurations = (
				08EFF81727458D2500EC8EE0 /* Debug */,
				08EFF81827458D2500EC8EE0 /* Release */,
			);
			defaultConfigurationIsVisible = 0;
			defaultConfigurationName = Release;
		};
		08EFF81927458D2500EC8EE0 /* Build configuration list for PBXNativeTarget "Concentration" */ = {
			isa = XCConfigurationList;
			buildConfigurations = (
				08EFF81A27458D2500EC8EE0 /* Debug */,
				08EFF81B27458D2500EC8EE0 /* Release */,
			);
			defaultConfigurationIsVisible = 0;
			defaultConfigurationName = Release;
		};
/* End XCConfigurationList section */
	};
	rootObject = 08EFF7FD27458D2400EC8EE0 /* Project object */;
}
